
Microsoft Visual Studio Solution File, Format Version 12.00
# Visual Studio 2015
Project("{FAE04EC0-301F-11D3-BF4B-00C04F79EFBC}") = "plataformas.CSharp", "plataformas.CSharp.csproj", "{EBD6B1E8-E83A-C7CD-3442-2EE1AB85F11D}"
EndProject
Global
	GlobalSection(SolutionConfigurationPlatforms) = preSolution
		Debug|Any CPU = Debug|Any CPU
		Release|Any CPU = Release|Any CPU
	EndGlobalSection
	GlobalSection(ProjectConfigurationPlatforms) = postSolution
		{EBD6B1E8-E83A-C7CD-3442-2EE1AB85F11D}.Debug|Any CPU.ActiveCfg = Debug|Any CPU
		{EBD6B1E8-E83A-C7CD-3442-2EE1AB85F11D}.Debug|Any CPU.Build.0 = Debug|Any CPU
		{EBD6B1E8-E83A-C7CD-3442-2EE1AB85F11D}.Release|Any CPU.ActiveCfg = Release|Any CPU
		{EBD6B1E8-E83A-C7CD-3442-2EE1AB85F11D}.Release|Any CPU.Build.0 = Release|Any CPU
	EndGlobalSection
	GlobalSection(SolutionProperties) = preSolution
		HideSolutionNode = FALSE
	EndGlobalSection
EndGlobal
